
Microsoft Visual Studio Solution File, Format Version 12.00
# Visual Studio Version 17
VisualStudioVersion = 17.10.35013.160
MinimumVisualStudioVersion = 10.0.40219.1
Project("{9A19103F-16F7-4668-BE54-9A1E7A4F7556}") = "ASPDotNet_MVC_YuQin", "ASPDotNet_MVC_YuQin\ASPDotNet_MVC_YuQin.csproj", "{DBBAEA6A-47AA-47F7-8FD6-8D4101A3D4FB}"
EndProject
Project("{2150E333-8FDC-42A3-9474-1A3956D46DE8}") = "Binary_ASM_CPP_CS-FourPlatformExpansionLanguge(Examples)", "Binary_ASM_CPP_CS-FourPlatformExpansionLanguge(Examples)", "{4285530C-3F76-408D-97CD-836BC240041C}"
EndProject
Project("{8BC9CEB8-8B4A-11D0-8D11-00A0C91BC942}") = "Binary_ASM_CPP_CS(ASM_ConsoleApplicationExample)", "Binary_ASM_CPP_CS(ASM_ConsoleApplicationExample)\CPP_ASM_Binary_Application.vcxproj", "{1165E11F-3D77-4B49-AE5F-1B3FCA8FDCAC}"
EndProject
Project("{8BC9CEB8-8B4A-11D0-8D11-00A0C91BC942}") = "Binary_ASM_CPP_CS(CPP_ConsoleApplicationExample)", "Binary_ASM_CPP_CS(CPP_ConsoleApplicationExample)\ConsoleApplicationExample_CPP.vcxproj", "{6219BBA4-6240-48A2-8392-FEA2EF585247}"
EndProject
Project("{8BC9CEB8-8B4A-11D0-8D11-00A0C91BC942}") = "Binary_ASM_CPP_CS(CPP_WindowsApplicationExample)", "Binary_ASM_CPP_CS(CPP_WindowsApplicationExample)\WindowsProjectExample_CPP.vcxproj", "{1A843230-8224-4FCC-88F2-883E71E1A82E}"
EndProject
Project("{9A19103F-16F7-4668-BE54-9A1E7A4F7556}") = "Binary_ASM_CPP_CS(CS_ConsoleApplicationExample)", "Binary_ASM_CPP_CS(CS_ConsoleApplicationExample)\Binary_ASM_CPP_CS(CS_ConsoleApplicationExample).csproj", "{2CC327D2-53DA-49B8-A208-68EFA7277A32}"
EndProject
Project("{9A19103F-16F7-4668-BE54-9A1E7A4F7556}") = "Binary_ASM_CPP_CS(CS_WindowsApplicationExample)", "Binary_ASM_CPP_CS(CS_WindowsApplicationExample)\Binary_ASM_CPP_CS(CS_WindowsApplicationExample).csproj", "{7B6C88AB-37F9-41F8-B5E6-14B21EF9455F}"
EndProject
Project("{9A19103F-16F7-4668-BE54-9A1E7A4F7556}") = "SharedCS", "SharedCS\SharedCS.csproj", "{F67EAA73-E1FE-4338-9CD2-60FC3ED83AF4}"
EndProject
Project("{9A19103F-16F7-4668-BE54-9A1E7A4F7556}") = "SharedRazorCS", "SharedRazorClassLibrary\SharedRazorCS.csproj", "{2EFFE7F0-C9D7-4901-A1D6-632504E406A5}"
EndProject
Project("{9A19103F-16F7-4668-BE54-9A1E7A4F7556}") = "Blazor_WebAssembly_PWA_YuQin", "Blazor_WebAssembly_PWA_YuQin\Blazor_WebAssembly_PWA_YuQin.csproj", "{0E2E66FE-7682-42DB-AE84-5CBB4D435DF2}"
EndProject
Project("{2150E333-8FDC-42A3-9474-1A3956D46DE8}") = "SharedCS(Examples)", "SharedCS(Examples)", "{B36C2C5E-990D-41F0-99CA-6B54C1B443A3}"
EndProject
Project("{2150E333-8FDC-42A3-9474-1A3956D46DE8}") = "SharedRazor_SharedCSHTML(Examples)", "SharedRazor_SharedCSHTML(Examples)", "{E0AFF528-C89C-4E83-97CD-DB2023EEBDD7}"
EndProject
Project("{9A19103F-16F7-4668-BE54-9A1E7A4F7556}") = "Microsoft.AspNetCore.Components.QuickGrid", "..\Microsoft.AspNetCore.Components.QuickGrid\src\Microsoft.AspNetCore.Components.QuickGrid.csproj", "{DEF471BD-0500-443B-BDA5-8442B634E66D}"
EndProject
Project("{9A19103F-16F7-4668-BE54-9A1E7A4F7556}") = "Microsoft.AspNetCore.Components.QuickGrid.EntityFrameworkAdapter", "..\Microsoft.AspNetCore.Components.QuickGrid.EntityFrameworkAdapter\src\Microsoft.AspNetCore.Components.QuickGrid.EntityFrameworkAdapter.csproj", "{FB1878CE-02C2-4A06-9590-0D52F26BEF39}"
EndProject
Global
	GlobalSection(SolutionConfigurationPlatforms) = preSolution
		Debug|Any CPU = Debug|Any CPU
		Debug|x64 = Debug|x64
		Debug|x86 = Debug|x86
		Release|Any CPU = Release|Any CPU
		Release|x64 = Release|x64
		Release|x86 = Release|x86
	EndGlobalSection
	GlobalSection(ProjectConfigurationPlatforms) = postSolution
		{DBBAEA6A-47AA-47F7-8FD6-8D4101A3D4FB}.Debug|Any CPU.ActiveCfg = Debug|Any CPU
		{DBBAEA6A-47AA-47F7-8FD6-8D4101A3D4FB}.Debug|Any CPU.Build.0 = Debug|Any CPU
		{DBBAEA6A-47AA-47F7-8FD6-8D4101A3D4FB}.Debug|x64.ActiveCfg = Debug|Any CPU
		{DBBAEA6A-47AA-47F7-8FD6-8D4101A3D4FB}.Debug|x64.Build.0 = Debug|Any CPU
		{DBBAEA6A-47AA-47F7-8FD6-8D4101A3D4FB}.Debug|x86.ActiveCfg = Debug|Any CPU
		{DBBAEA6A-47AA-47F7-8FD6-8D4101A3D4FB}.Debug|x86.Build.0 = Debug|Any CPU
		{DBBAEA6A-47AA-47F7-8FD6-8D4101A3D4FB}.Release|Any CPU.ActiveCfg = Release|Any CPU
		{DBBAEA6A-47AA-47F7-8FD6-8D4101A3D4FB}.Release|Any CPU.Build.0 = Release|Any CPU
		{DBBAEA6A-47AA-47F7-8FD6-8D4101A3D4FB}.Release|x64.ActiveCfg = Release|Any CPU
		{DBBAEA6A-47AA-47F7-8FD6-8D4101A3D4FB}.Release|x64.Build.0 = Release|Any CPU
		{DBBAEA6A-47AA-47F7-8FD6-8D4101A3D4FB}.Release|x86.ActiveCfg = Release|Any CPU
		{DBBAEA6A-47AA-47F7-8FD6-8D4101A3D4FB}.Release|x86.Build.0 = Release|Any CPU
		{1165E11F-3D77-4B49-AE5F-1B3FCA8FDCAC}.Debug|Any CPU.ActiveCfg = Debug|x64
		{1165E11F-3D77-4B49-AE5F-1B3FCA8FDCAC}.Debug|Any CPU.Build.0 = Debug|x64
		{1165E11F-3D77-4B49-AE5F-1B3FCA8FDCAC}.Debug|x64.ActiveCfg = Debug|x64
		{1165E11F-3D77-4B49-AE5F-1B3FCA8FDCAC}.Debug|x64.Build.0 = Debug|x64
		{1165E11F-3D77-4B49-AE5F-1B3FCA8FDCAC}.Debug|x86.ActiveCfg = Debug|Win32
		{1165E11F-3D77-4B49-AE5F-1B3FCA8FDCAC}.Debug|x86.Build.0 = Debug|Win32
		{1165E11F-3D77-4B49-AE5F-1B3FCA8FDCAC}.Release|Any CPU.ActiveCfg = Release|x64
		{1165E11F-3D77-4B49-AE5F-1B3FCA8FDCAC}.Release|Any CPU.Build.0 = Release|x64
		{1165E11F-3D77-4B49-AE5F-1B3FCA8FDCAC}.Release|x64.ActiveCfg = Release|x64
		{1165E11F-3D77-4B49-AE5F-1B3FCA8FDCAC}.Release|x64.Build.0 = Release|x64
		{1165E11F-3D77-4B49-AE5F-1B3FCA8FDCAC}.Release|x86.ActiveCfg = Release|Win32
		{1165E11F-3D77-4B49-AE5F-1B3FCA8FDCAC}.Release|x86.Build.0 = Release|Win32
		{6219BBA4-6240-48A2-8392-FEA2EF585247}.Debug|Any CPU.ActiveCfg = Debug|x64
		{6219BBA4-6240-48A2-8392-FEA2EF585247}.Debug|Any CPU.Build.0 = Debug|x64
		{6219BBA4-6240-48A2-8392-FEA2EF585247}.Debug|x64.ActiveCfg = Debug|x64
		{6219BBA4-6240-48A2-8392-FEA2EF585247}.Debug|x64.Build.0 = Debug|x64
		{6219BBA4-6240-48A2-8392-FEA2EF585247}.Debug|x86.ActiveCfg = Debug|Win32
		{6219BBA4-6240-48A2-8392-FEA2EF585247}.Debug|x86.Build.0 = Debug|Win32
		{6219BBA4-6240-48A2-8392-FEA2EF585247}.Release|Any CPU.ActiveCfg = Release|x64
		{6219BBA4-6240-48A2-8392-FEA2EF585247}.Release|Any CPU.Build.0 = Release|x64
		{6219BBA4-6240-48A2-8392-FEA2EF585247}.Release|x64.ActiveCfg = Release|x64
		{6219BBA4-6240-48A2-8392-FEA2EF585247}.Release|x64.Build.0 = Release|x64
		{6219BBA4-6240-48A2-8392-FEA2EF585247}.Release|x86.ActiveCfg = Release|Win32
		{6219BBA4-6240-48A2-8392-FEA2EF585247}.Release|x86.Build.0 = Release|Win32
		{1A843230-8224-4FCC-88F2-883E71E1A82E}.Debug|Any CPU.ActiveCfg = Debug|x64
		{1A843230-8224-4FCC-88F2-883E71E1A82E}.Debug|Any CPU.Build.0 = Debug|x64
		{1A843230-8224-4FCC-88F2-883E71E1A82E}.Debug|x64.ActiveCfg = Debug|x64
		{1A843230-8224-4FCC-88F2-883E71E1A82E}.Debug|x64.Build.0 = Debug|x64
		{1A843230-8224-4FCC-88F2-883E71E1A82E}.Debug|x86.ActiveCfg = Debug|Win32
		{1A843230-8224-4FCC-88F2-883E71E1A82E}.Debug|x86.Build.0 = Debug|Win32
		{1A843230-8224-4FCC-88F2-883E71E1A82E}.Release|Any CPU.ActiveCfg = Release|x64
		{1A843230-8224-4FCC-88F2-883E71E1A82E}.Release|Any CPU.Build.0 = Release|x64
		{1A843230-8224-4FCC-88F2-883E71E1A82E}.Release|x64.ActiveCfg = Release|x64
		{1A843230-8224-4FCC-88F2-883E71E1A82E}.Release|x64.Build.0 = Release|x64
		{1A843230-8224-4FCC-88F2-883E71E1A82E}.Release|x86.ActiveCfg = Release|Win32
		{1A843230-8224-4FCC-88F2-883E71E1A82E}.Release|x86.Build.0 = Release|Win32
		{2CC327D2-53DA-49B8-A208-68EFA7277A32}.Debug|Any CPU.ActiveCfg = Debug|Any CPU
		{2CC327D2-53DA-49B8-A208-68EFA7277A32}.Debug|Any CPU.Build.0 = Debug|Any CPU
		{2CC327D2-53DA-49B8-A208-68EFA7277A32}.Debug|x64.ActiveCfg = Debug|Any CPU
		{2CC327D2-53DA-49B8-A208-68EFA7277A32}.Debug|x64.Build.0 = Debug|Any CPU
		{2CC327D2-53DA-49B8-A208-68EFA7277A32}.Debug|x86.ActiveCfg = Debug|Any CPU
		{2CC327D2-53DA-49B8-A208-68EFA7277A32}.Debug|x86.Build.0 = Debug|Any CPU
		{2CC327D2-53DA-49B8-A208-68EFA7277A32}.Release|Any CPU.ActiveCfg = Release|Any CPU
		{2CC327D2-53DA-49B8-A208-68EFA7277A32}.Release|Any CPU.Build.0 = Release|Any CPU
		{2CC327D2-53DA-49B8-A208-68EFA7277A32}.Release|x64.ActiveCfg = Release|Any CPU
		{2CC327D2-53DA-49B8-A208-68EFA7277A32}.Release|x64.Build.0 = Release|Any CPU
		{2CC327D2-53DA-49B8-A208-68EFA7277A32}.Release|x86.ActiveCfg = Release|Any CPU
		{2CC327D2-53DA-49B8-A208-68EFA7277A32}.Release|x86.Build.0 = Release|Any CPU
		{7B6C88AB-37F9-41F8-B5E6-14B21EF9455F}.Debug|Any CPU.ActiveCfg = Debug|Any CPU
		{7B6C88AB-37F9-41F8-B5E6-14B21EF9455F}.Debug|Any CPU.Build.0 = Debug|Any CPU
		{7B6C88AB-37F9-41F8-B5E6-14B21EF9455F}.Debug|x64.ActiveCfg = Debug|Any CPU
		{7B6C88AB-37F9-41F8-B5E6-14B21EF9455F}.Debug|x64.Build.0 = Debug|Any CPU
		{7B6C88AB-37F9-41F8-B5E6-14B21EF9455F}.Debug|x86.ActiveCfg = Debug|Any CPU
		{7B6C88AB-37F9-41F8-B5E6-14B21EF9455F}.Debug|x86.Build.0 = Debug|Any CPU
		{7B6C88AB-37F9-41F8-B5E6-14B21EF9455F}.Release|Any CPU.ActiveCfg = Release|Any CPU
		{7B6C88AB-37F9-41F8-B5E6-14B21EF9455F}.Release|Any CPU.Build.0 = Release|Any CPU
		{7B6C88AB-37F9-41F8-B5E6-14B21EF9455F}.Release|x64.ActiveCfg = Release|Any CPU
		{7B6C88AB-37F9-41F8-B5E6-14B21EF9455F}.Release|x64.Build.0 = Release|Any CPU
		{7B6C88AB-37F9-41F8-B5E6-14B21EF9455F}.Release|x86.ActiveCfg = Release|Any CPU
		{7B6C88AB-37F9-41F8-B5E6-14B21EF9455F}.Release|x86.Build.0 = Release|Any CPU
		{F67EAA73-E1FE-4338-9CD2-60FC3ED83AF4}.Debug|Any CPU.ActiveCfg = Debug|Any CPU
		{F67EAA73-E1FE-4338-9CD2-60FC3ED83AF4}.Debug|Any CPU.Build.0 = Debug|Any CPU
		{F67EAA73-E1FE-4338-9CD2-60FC3ED83AF4}.Debug|x64.ActiveCfg = Debug|Any CPU
		{F67EAA73-E1FE-4338-9CD2-60FC3ED83AF4}.Debug|x64.Build.0 = Debug|Any CPU
		{F67EAA73-E1FE-4338-9CD2-60FC3ED83AF4}.Debug|x86.ActiveCfg = Debug|Any CPU
		{F67EAA73-E1FE-4338-9CD2-60FC3ED83AF4}.Debug|x86.Build.0 = Debug|Any CPU
		{F67EAA73-E1FE-4338-9CD2-60FC3ED83AF4}.Release|Any CPU.ActiveCfg = Release|Any CPU
		{F67EAA73-E1FE-4338-9CD2-60FC3ED83AF4}.Release|Any CPU.Build.0 = Release|Any CPU
		{F67EAA73-E1FE-4338-9CD2-60FC3ED83AF4}.Release|x64.ActiveCfg = Release|Any CPU
		{F67EAA73-E1FE-4338-9CD2-60FC3ED83AF4}.Release|x64.Build.0 = Release|Any CPU
		{F67EAA73-E1FE-4338-9CD2-60FC3ED83AF4}.Release|x86.ActiveCfg = Release|Any CPU
		{F67EAA73-E1FE-4338-9CD2-60FC3ED83AF4}.Release|x86.Build.0 = Release|Any CPU
		{2EFFE7F0-C9D7-4901-A1D6-632504E406A5}.Debug|Any CPU.ActiveCfg = Debug|Any CPU
		{2EFFE7F0-C9D7-4901-A1D6-632504E406A5}.Debug|Any CPU.Build.0 = Debug|Any CPU
		{2EFFE7F0-C9D7-4901-A1D6-632504E406A5}.Debug|x64.ActiveCfg = Debug|Any CPU
		{2EFFE7F0-C9D7-4901-A1D6-632504E406A5}.Debug|x64.Build.0 = Debug|Any CPU
		{2EFFE7F0-C9D7-4901-A1D6-632504E406A5}.Debug|x86.ActiveCfg = Debug|Any CPU
		{2EFFE7F0-C9D7-4901-A1D6-632504E406A5}.Debug|x86.Build.0 = Debug|Any CPU
		{2EFFE7F0-C9D7-4901-A1D6-632504E406A5}.Release|Any CPU.ActiveCfg = Release|Any CPU
		{2EFFE7F0-C9D7-4901-A1D6-632504E406A5}.Release|Any CPU.Build.0 = Release|Any CPU
		{2EFFE7F0-C9D7-4901-A1D6-632504E406A5}.Release|x64.ActiveCfg = Release|Any CPU
		{2EFFE7F0-C9D7-4901-A1D6-632504E406A5}.Release|x64.Build.0 = Release|Any CPU
		{2EFFE7F0-C9D7-4901-A1D6-632504E406A5}.Release|x86.ActiveCfg = Release|Any CPU
		{2EFFE7F0-C9D7-4901-A1D6-632504E406A5}.Release|x86.Build.0 = Release|Any CPU
		{0E2E66FE-7682-42DB-AE84-5CBB4D435DF2}.Debug|Any CPU.ActiveCfg = Debug|Any CPU
		{0E2E66FE-7682-42DB-AE84-5CBB4D435DF2}.Debug|Any CPU.Build.0 = Debug|Any CPU
		{0E2E66FE-7682-42DB-AE84-5CBB4D435DF2}.Debug|x64.ActiveCfg = Debug|Any CPU
		{0E2E66FE-7682-42DB-AE84-5CBB4D435DF2}.Debug|x64.Build.0 = Debug|Any CPU
		{0E2E66FE-7682-42DB-AE84-5CBB4D435DF2}.Debug|x86.ActiveCfg = Debug|Any CPU
		{0E2E66FE-7682-42DB-AE84-5CBB4D435DF2}.Debug|x86.Build.0 = Debug|Any CPU
		{0E2E66FE-7682-42DB-AE84-5CBB4D435DF2}.Release|Any CPU.ActiveCfg = Release|Any CPU
		{0E2E66FE-7682-42DB-AE84-5CBB4D435DF2}.Release|Any CPU.Build.0 = Release|Any CPU
		{0E2E66FE-7682-42DB-AE84-5CBB4D435DF2}.Release|x64.ActiveCfg = Release|Any CPU
		{0E2E66FE-7682-42DB-AE84-5CBB4D435DF2}.Release|x64.Build.0 = Release|Any CPU
		{0E2E66FE-7682-42DB-AE84-5CBB4D435DF2}.Release|x86.ActiveCfg = Release|Any CPU
		{0E2E66FE-7682-42DB-AE84-5CBB4D435DF2}.Release|x86.Build.0 = Release|Any CPU
		{DEF471BD-0500-443B-BDA5-8442B634E66D}.Debug|Any CPU.ActiveCfg = Debug|Any CPU
		{DEF471BD-0500-443B-BDA5-8442B634E66D}.Debug|Any CPU.Build.0 = Debug|Any CPU
		{DEF471BD-0500-443B-BDA5-8442B634E66D}.Debug|x64.ActiveCfg = Debug|Any CPU
		{DEF471BD-0500-443B-BDA5-8442B634E66D}.Debug|x64.Build.0 = Debug|Any CPU
		{DEF471BD-0500-443B-BDA5-8442B634E66D}.Debug|x86.ActiveCfg = Debug|Any CPU
		{DEF471BD-0500-443B-BDA5-8442B634E66D}.Debug|x86.Build.0 = Debug|Any CPU
		{DEF471BD-0500-443B-BDA5-8442B634E66D}.Release|Any CPU.ActiveCfg = Release|Any CPU
		{DEF471BD-0500-443B-BDA5-8442B634E66D}.Release|Any CPU.Build.0 = Release|Any CPU
		{DEF471BD-0500-443B-BDA5-8442B634E66D}.Release|x64.ActiveCfg = Release|Any CPU
		{DEF471BD-0500-443B-BDA5-8442B634E66D}.Release|x64.Build.0 = Release|Any CPU
		{DEF471BD-0500-443B-BDA5-8442B634E66D}.Release|x86.ActiveCfg = Release|Any CPU
		{DEF471BD-0500-443B-BDA5-8442B634E66D}.Release|x86.Build.0 = Release|Any CPU
		{FB1878CE-02C2-4A06-9590-0D52F26BEF39}.Debug|Any CPU.ActiveCfg = Debug|Any CPU
		{FB1878CE-02C2-4A06-9590-0D52F26BEF39}.Debug|Any CPU.Build.0 = Debug|Any CPU
		{FB1878CE-02C2-4A06-9590-0D52F26BEF39}.Debug|x64.ActiveCfg = Debug|Any CPU
		{FB1878CE-02C2-4A06-9590-0D52F26BEF39}.Debug|x64.Build.0 = Debug|Any CPU
		{FB1878CE-02C2-4A06-9590-0D52F26BEF39}.Debug|x86.ActiveCfg = Debug|Any CPU
		{FB1878CE-02C2-4A06-9590-0D52F26BEF39}.Debug|x86.Build.0 = Debug|Any CPU
		{FB1878CE-02C2-4A06-9590-0D52F26BEF39}.Release|Any CPU.ActiveCfg = Release|Any CPU
		{FB1878CE-02C2-4A06-9590-0D52F26BEF39}.Release|Any CPU.Build.0 = Release|Any CPU
		{FB1878CE-02C2-4A06-9590-0D52F26BEF39}.Release|x64.ActiveCfg = Release|Any CPU
		{FB1878CE-02C2-4A06-9590-0D52F26BEF39}.Release|x64.Build.0 = Release|Any CPU
		{FB1878CE-02C2-4A06-9590-0D52F26BEF39}.Release|x86.ActiveCfg = Release|Any CPU
		{FB1878CE-02C2-4A06-9590-0D52F26BEF39}.Release|x86.Build.0 = Release|Any CPU
	EndGlobalSection
	GlobalSection(SolutionProperties) = preSolution
		HideSolutionNode = FALSE
	EndGlobalSection
	GlobalSection(NestedProjects) = preSolution
		{1165E11F-3D77-4B49-AE5F-1B3FCA8FDCAC} = {4285530C-3F76-408D-97CD-836BC240041C}
		{6219BBA4-6240-48A2-8392-FEA2EF585247} = {4285530C-3F76-408D-97CD-836BC240041C}
		{1A843230-8224-4FCC-88F2-883E71E1A82E} = {4285530C-3F76-408D-97CD-836BC240041C}
		{2CC327D2-53DA-49B8-A208-68EFA7277A32} = {4285530C-3F76-408D-97CD-836BC240041C}
		{7B6C88AB-37F9-41F8-B5E6-14B21EF9455F} = {4285530C-3F76-408D-97CD-836BC240041C}
		{F67EAA73-E1FE-4338-9CD2-60FC3ED83AF4} = {B36C2C5E-990D-41F0-99CA-6B54C1B443A3}
		{2EFFE7F0-C9D7-4901-A1D6-632504E406A5} = {E0AFF528-C89C-4E83-97CD-DB2023EEBDD7}
		{DEF471BD-0500-443B-BDA5-8442B634E66D} = {E0AFF528-C89C-4E83-97CD-DB2023EEBDD7}
		{FB1878CE-02C2-4A06-9590-0D52F26BEF39} = {E0AFF528-C89C-4E83-97CD-DB2023EEBDD7}
	EndGlobalSection
	GlobalSection(ExtensibilityGlobals) = postSolution
		SolutionGuid = {3704B709-ACA0-443A-9D6F-6359321FB596}
	EndGlobalSection
EndGlobal
