
Microsoft Visual Studio Solution File, Format Version 12.00
# Visual Studio Version 16
VisualStudioVersion = 16.0.30021.99
MinimumVisualStudioVersion = 10.0.40219.1
Project("{9A19103F-16F7-4668-BE54-9A1E7A4F7556}") = "WebEdu_LocalVersion_YuQin_DotNetCore21", "WebEdu_LocalVersion_YuQin_DotNetCore21.csproj", "{044A424A-D0BB-4274-AF78-7F00C4A55589}"
EndProject
Global
	GlobalSection(SolutionConfigurationPlatforms) = preSolution
		Debug|Any CPU = Debug|Any CPU
		Release|Any CPU = Release|Any CPU
	EndGlobalSection
	GlobalSection(ProjectConfigurationPlatforms) = postSolution
		{044A424A-D0BB-4274-AF78-7F00C4A55589}.Debug|Any CPU.ActiveCfg = Debug|Any CPU
		{044A424A-D0BB-4274-AF78-7F00C4A55589}.Debug|Any CPU.Build.0 = Debug|Any CPU
		{044A424A-D0BB-4274-AF78-7F00C4A55589}.Release|Any CPU.ActiveCfg = Release|Any CPU
		{044A424A-D0BB-4274-AF78-7F00C4A55589}.Release|Any CPU.Build.0 = Release|Any CPU
	EndGlobalSection
	GlobalSection(SolutionProperties) = preSolution
		HideSolutionNode = FALSE
	EndGlobalSection
	GlobalSection(ExtensibilityGlobals) = postSolution
		SolutionGuid = {3704B709-ACA0-443A-9D6F-6359321FB596}
	EndGlobalSection
EndGlobal
